// !$*UTF8*$!
{
	archiveVersion = 1;
	classes = {
	};
	objectVersion = 46;
	objects = {

/* Begin PBXBuildFile section */
		723078EB1E2734A500D9C461 /* main.m in Sources */ = {isa = PBXBuildFile; fileRef = 723078EA1E2734A500D9C461 /* main.m */; };
		723078EE1E2734A500D9C461 /* AppDelegate.m in Sources */ = {isa = PBXBuildFile; fileRef = 723078ED1E2734A500D9C461 /* AppDelegate.m */; };
		723078F11E2734A500D9C461 /* ViewController.m in Sources */ = {isa = PBXBuildFile; fileRef = 723078F01E2734A500D9C461 /* ViewController.m */; };
		723078F41E2734A500D9C461 /* Main.storyboard in Resources */ = {isa = PBXBuildFile; fileRef = 723078F21E2734A500D9C461 /* Main.storyboard */; };
		723078F61E2734A500D9C461 /* Assets.xcassets in Resources */ = {isa = PBXBuildFile; fileRef = 723078F51E2734A500D9C461 /* Assets.xcassets */; };
		723078F91E2734A500D9C461 /* LaunchScreen.storyboard in Resources */ = {isa = PBXBuildFile; fileRef = 723078F71E2734A500D9C461 /* LaunchScreen.storyboard */; };
/* End PBXBuildFile section */

/* Begin PBXFileReference section */
		723078E61E2734A500D9C461 /* SpringAnimation_Demo.app */ = {isa = PBXFileReference; explicitFileType = wrapper.application; includeInIndex = 0; path = SpringAnimation_Demo.app; sourceTree = BUILT_PRODUCTS_DIR; };
		723078EA1E2734A500D9C461 /* main.m */ = {isa = PBXFileReference; lastKnownFileType = sourcecode.c.objc; path = main.m; sourceTree = "<group>"; };
		723078EC1E2734A500D9C461 /* AppDelegate.h */ = {isa = PBXFileReference; lastKnownFileType = sourcecode.c.h; path = AppDelegate.h; sourceTree = "<group>"; };
		723078ED1E2734A500D9C461 /* AppDelegate.m */ = {isa = PBXFileReference; lastKnownFileType = sourcecode.c.objc; path = AppDelegate.m; sourceTree = "<group>"; };
		723078EF1E2734A500D9C461 /* ViewController.h */ = {isa = PBXFileReference; lastKnownFileType = sourcecode.c.h; path = ViewController.h; sourceTree = "<group>"; };
		723078F01E2734A500D9C461 /* ViewController.m */ = {isa = PBXFileReference; lastKnownFileType = sourcecode.c.objc; path = ViewController.m; sourceTree = "<group>"; };
		723078F31E2734A500D9C461 /* Base */ = {isa = PBXFileReference; lastKnownFileType = file.storyboard; name = Base; path = Base.lproj/Main.storyboard; sourceTree = "<group>"; };
		723078F51E2734A500D9C461 /* Assets.xcassets */ = {isa = PBXFileReference; lastKnownFileType = folder.assetcatalog; path = Assets.xcassets; sourceTree = "<group>"; };
		723078F81E2734A500D9C461 /* Base */ = {isa = PBXFileReference; lastKnownFileType = file.storyboard; name = Base; path = Base.lproj/LaunchScreen.storyboard; sourceTree = "<group>"; };
		723078FA1E2734A500D9C461 /* Info.plist */ = {isa = PBXFileReference; lastKnownFileType = text.plist.xml; path = Info.plist; sourceTree = "<group>"; };
/* End PBXFileReference section */

/* Begin PBXFrameworksBuildPhase section */
		723078E31E2734A500D9C461 /* Frameworks */ = {
			isa = PBXFrameworksBuildPhase;
			buildActionMask = 2147483647;
			files = (
			);
			runOnlyForDeploymentPostprocessing = 0;
		};
/* End PBXFrameworksBuildPhase section */

/* Begin PBXGroup section */
		723078DD1E2734A500D9C461 = {
			isa = PBXGroup;
			children = (
				723078E81E2734A500D9C461 /* SpringAnimation_Demo */,
				723078E71E2734A500D9C461 /* Products */,
			);
			sourceTree = "<group>";
		};
		723078E71E2734A500D9C461 /* Products */ = {
			isa = PBXGroup;
			children = (
				723078E61E2734A500D9C461 /* SpringAnimation_Demo.app */,
			);
			name = Products;
			sourceTree = "<group>";
		};
		723078E81E2734A500D9C461 /* SpringAnimation_Demo */ = {
			isa = PBXGroup;
			children = (
				723078EC1E2734A500D9C461 /* AppDelegate.h */,
				723078ED1E2734A500D9C461 /* AppDelegate.m */,
				723078EF1E2734A500D9C461 /* ViewController.h */,
				723078F01E2734A500D9C461 /* ViewController.m */,
				723078F21E2734A500D9C461 /* Main.storyboard */,
				723078F51E2734A500D9C461 /* Assets.xcassets */,
				723078F71E2734A500D9C461 /* LaunchScreen.storyboard */,
				723078FA1E2734A500D9C461 /* Info.plist */,
				723078E91E2734A500D9C461 /* Supporting Files */,
			);
			path = SpringAnimation_Demo;
			sourceTree = "<group>";
		};
		723078E91E2734A500D9C461 /* Supporting Files */ = {
			isa = PBXGroup;
			children = (
				723078EA1E2734A500D9C461 /* main.m */,
			);
			name = "Supporting Files";
			sourceTree = "<group>";
		};
/* End PBXGroup section */

/* Begin PBXNativeTarget section */
		723078E51E2734A500D9C461 /* SpringAnimation_Demo */ = {
			isa = PBXNativeTarget;
			buildConfigurationList = 723078FD1E2734A500D9C461 /* Build configuration list for PBXNativeTarget "SpringAnimation_Demo" */;
			buildPhases = (
				723078E21E2734A500D9C461 /* Sources */,
				723078E31E2734A500D9C461 /* Frameworks */,
				723078E41E2734A500D9C461 /* Resources */,
			);
			buildRules = (
			);
			dependencies = (
			);
			name = SpringAnimation_Demo;
			productName = SpringAnimation_Demo;
			productReference = 723078E61E2734A500D9C461 /* SpringAnimation_Demo.app */;
			productType = "com.apple.product-type.application";
		};
/* End PBXNativeTarget section */

/* Begin PBXProject section */
		723078DE1E2734A500D9C461 /* Project object */ = {
			isa = PBXProject;
			attributes = {
				LastUpgradeCheck = 0820;
				ORGANIZATIONNAME = "毛韶谦";
				TargetAttributes = {
					723078E51E2734A500D9C461 = {
						CreatedOnToolsVersion = 8.2;
						DevelopmentTeam = H8XYQ5SRK2;
						ProvisioningStyle = Automatic;
					};
				};
			};
			buildConfigurationList = 723078E11E2734A500D9C461 /* Build configuration list for PBXProject "SpringAnimation_Demo" */;
			compatibilityVersion = "Xcode 3.2";
			developmentRegion = English;
			hasScannedForEncodings = 0;
			knownRegions = (
				en,
				Base,
			);
			mainGroup = 723078DD1E2734A500D9C461;
			productRefGroup = 723078E71E2734A500D9C461 /* Products */;
			projectDirPath = "";
			projectRoot = "";
			targets = (
				723078E51E2734A500D9C461 /* SpringAnimation_Demo */,
			);
		};
/* End PBXProject section */

/* Begin PBXResourcesBuildPhase section */
		723078E41E2734A500D9C461 /* Resources */ = {
			isa = PBXResourcesBuildPhase;
			buildActionMask = 2147483647;
			files = (
				723078F91E2734A500D9C461 /* LaunchScreen.storyboard in Resources */,
				723078F61E2734A500D9C461 /* Assets.xcassets in Resources */,
				723078F41E2734A500D9C461 /* Main.storyboard in Resources */,
			);
			runOnlyForDeploymentPostprocessing = 0;
		};
/* End PBXResourcesBuildPhase section */

/* Begin PBXSourcesBuildPhase section */
		723078E21E2734A500D9C461 /* Sources */ = {
			isa = PBXSourcesBuildPhase;
			buildActionMask = 2147483647;
			files = (
				723078F11E2734A500D9C461 /* ViewController.m in Sources */,
				723078EE1E2734A500D9C461 /* AppDelegate.m in Sources */,
				723078EB1E2734A500D9C461 /* main.m in Sources */,
			);
			runOnlyForDeploymentPostprocessing = 0;
		};
/* End PBXSourcesBuildPhase section */

/* Begin PBXVariantGroup section */
		723078F21E2734A500D9C461 /* Main.storyboard */ = {
			isa = PBXVariantGroup;
			children = (
				723078F31E2734A500D9C461 /* Base */,
			);
			name = Main.storyboard;
			sourceTree = "<group>";
		};
		723078F71E2734A500D9C461 /* LaunchScreen.storyboard */ = {
			isa = PBXVariantGroup;
			children = (
				723078F81E2734A500D9C461 /* Base */,
			);
			name = LaunchScreen.storyboard;
			sourceTree = "<group>";
		};
/* End PBXVariantGroup section */

/* Begin XCBuildConfiguration section */
		723078FB1E2734A500D9C461 /* Debug */ = {
			isa = XCBuildConfiguration;
			buildSettings = {
				ALWAYS_SEARCH_USER_PATHS = NO;
				CLANG_ANALYZER_NONNULL = YES;
				CLANG_CXX_LANGUAGE_STANDARD = "gnu++0x";
				CLANG_CXX_LIBRARY = "libc++";
				CLANG_ENABLE_MODULES = YES;
				CLANG_ENABLE_OBJC_ARC = YES;
				CLANG_WARN_BOOL_CONVERSION = YES;
				CLANG_WARN_CONSTANT_CONVERSION = YES;
				CLANG_WARN_DIRECT_OBJC_ISA_USAGE = YES_ERROR;
				CLANG_WARN_DOCUMENTATION_COMMENTS = YES;
				CLANG_WARN_EMPTY_BODY = YES;
				CLANG_WARN_ENUM_CONVERSION = YES;
				CLANG_WARN_INFINITE_RECURSION = YES;
				CLANG_WARN_INT_CONVERSION = YES;
				CLANG_WARN_OBJC_ROOT_CLASS = YES_ERROR;
				CLANG_WARN_SUSPICIOUS_MOVE = YES;
				CLANG_WARN_UNREACHABLE_CODE = YES;
				CLANG_WARN__DUPLICATE_METHOD_MATCH = YES;
				"CODE_SIGN_IDENTITY[sdk=iphoneos*]" = "iPhone Developer";
				COPY_PHASE_STRIP = NO;
				DEBUG_INFORMATION_FORMAT = dwarf;
				ENABLE_STRICT_OBJC_MSGSEND = YES;
				ENABLE_TESTABILITY = YES;
				GCC_C_LANGUAGE_STANDARD = gnu99;
				GCC_DYNAMIC_NO_PIC = NO;
				GCC_NO_COMMON_BLOCKS = YES;
				GCC_OPTIMIZATION_LEVEL = 0;
				GCC_PREPROCESSOR_DEFINITIONS = (
					"DEBUG=1",
					"$(inherited)",
				);
				GCC_WARN_64_TO_32_BIT_CONVERSION = YES;
				GCC_WARN_ABOUT_RETURN_TYPE = YES_ERROR;
				GCC_WARN_UNDECLARED_SELECTOR = YES;
				GCC_WARN_UNINITIALIZED_AUTOS = YES_AGGRESSIVE;
				GCC_WARN_UNUSED_FUNCTION = YES;
				GCC_WARN_UNUSED_VARIABLE = YES;
				IPHONEOS_DEPLOYMENT_TARGET = 10.2;
				MTL_ENABLE_DEBUG_INFO = YES;
				ONLY_ACTIVE_ARCH = YES;
				SDKROOT = iphoneos;
				TARGETED_DEVICE_FAMILY = "1,2";
			};
			name = Debug;
		};
		723078FC1E2734A500D9C461 /* Release */ = {
			isa = XCBuildConfiguration;
			buildSettings = {
				ALWAYS_SEARCH_USER_PATHS = NO;
				CLANG_ANALYZER_NONNULL = YES;
				CLANG_CXX_LANGUAGE_STANDARD = "gnu++0x";
				CLANG_CXX_LIBRARY = "libc++";
				CLANG_ENABLE_MODULES = YES;
				CLANG_ENABLE_OBJC_ARC = YES;
				CLANG_WARN_BOOL_CONVERSION = YES;
				CLANG_WARN_CONSTANT_CONVERSION = YES;
				CLANG_WARN_DIRECT_OBJC_ISA_USAGE = YES_ERROR;
				CLANG_WARN_DOCUMENTATION_COMMENTS = YES;
				CLANG_WARN_EMPTY_BODY = YES;
				CLANG_WARN_ENUM_CONVERSION = YES;
				CLANG_WARN_INFINITE_RECURSION = YES;
				CLANG_WARN_INT_CONVERSION = YES;
				CLANG_WARN_OBJC_ROOT_CLASS = YES_ERROR;
				CLANG_WARN_SUSPICIOUS_MOVE = YES;
				CLANG_WARN_UNREACHABLE_CODE = YES;
				CLANG_WARN__DUPLICATE_METHOD_MATCH = YES;
				"CODE_SIGN_IDENTITY[sdk=iphoneos*]" = "iPhone Developer";
				COPY_PHASE_STRIP = NO;
				DEBUG_INFORMATION_FORMAT = "dwarf-with-dsym";
				ENABLE_NS_ASSERTIONS = NO;
				ENABLE_STRICT_OBJC_MSGSEND = YES;
				GCC_C_LANGUAGE_STANDARD = gnu99;
				GCC_NO_COMMON_BLOCKS = YES;
				GCC_WARN_64_TO_32_BIT_CONVERSION = YES;
				GCC_WARN_ABOUT_RETURN_TYPE = YES_ERROR;
				GCC_WARN_UNDECLARED_SELECTOR = YES;
				GCC_WARN_UNINITIALIZED_AUTOS = YES_AGGRESSIVE;
				GCC_WARN_UNUSED_FUNCTION = YES;
				GCC_WARN_UNUSED_VARIABLE = YES;
				IPHONEOS_DEPLOYMENT_TARGET = 10.2;
				MTL_ENABLE_DEBUG_INFO = NO;
				SDKROOT = iphoneos;
				TARGETED_DEVICE_FAMILY = "1,2";
				VALIDATE_PRODUCT = YES;
			};
			name = Release;
		};
		723078FE1E2734A500D9C461 /* Debug */ = {
			isa = XCBuildConfiguration;
			buildSettings = {
				ASSETCATALOG_COMPILER_APPICON_NAME = AppIcon;
				DEVELOPMENT_TEAM = H8XYQ5SRK2;
				INFOPLIST_FILE = SpringAnimation_Demo/Info.plist;
				LD_RUNPATH_SEARCH_PATHS = "$(inherited) @executable_path/Frameworks";
				PRODUCT_BUNDLE_IDENTIFIER = "com.maoshaoqian.SpringAnimation-Demo";
				PRODUCT_NAME = "$(TARGET_NAME)";
			};
			name = Debug;
		};
		723078FF1E2734A500D9C461 /* Release */ = {
			isa = XCBuildConfiguration;
			buildSettings = {
				ASSETCATALOG_COMPILER_APPICON_NAME = AppIcon;
				DEVELOPMENT_TEAM = H8XYQ5SRK2;
				INFOPLIST_FILE = SpringAnimation_Demo/Info.plist;
				LD_RUNPATH_SEARCH_PATHS = "$(inherited) @executable_path/Frameworks";
				PRODUCT_BUNDLE_IDENTIFIER = "com.maoshaoqian.SpringAnimation-Demo";
				PRODUCT_NAME = "$(TARGET_NAME)";
			};
			name = Release;
		};
/* End XCBuildConfiguration section */

/* Begin XCConfigurationList section */
		723078E11E2734A500D9C461 /* Build configuration list for PBXProject "SpringAnimation_Demo" */ = {
			isa = XCConfigurationList;
			buildConfigurations = (
				723078FB1E2734A500D9C461 /* Debug */,
				723078FC1E2734A500D9C461 /* Release */,
			);
			defaultConfigurationIsVisible = 0;
			defaultConfigurationName = Release;
		};
		723078FD1E2734A500D9C461 /* Build configuration list for PBXNativeTarget "SpringAnimation_Demo" */ = {
			isa = XCConfigurationList;
			buildConfigurations = (
				723078FE1E2734A500D9C461 /* Debug */,
				723078FF1E2734A500D9C461 /* Release */,
			);
			defaultConfigurationIsVisible = 0;
		};
/* End XCConfigurationList section */
	};
	rootObject = 723078DE1E2734A500D9C461 /* Project object */;
}
